// !$*UTF8*$!
{
	archiveVersion = 1;
	classes = {
	};
	objectVersion = 50;
	objects = {

/* Begin PBXBuildFile section */
		C167F73EF6508717F0DF3335 /* libPods-fb2sql.a in Frameworks */ = {isa = PBXBuildFile; fileRef = D6EF8D3DF8973E0B3765AE1D /* libPods-fb2sql.a */; };
		C61075C8222D354E00DA6168 /* SQLDatabaseNormaliser.h in Headers */ = {isa = PBXBuildFile; fileRef = C61075C6222D354E00DA6168 /* SQLDatabaseNormaliser.h */; };
		C62A1941222947FD000F51F2 /* fb2sql.h in Headers */ = {isa = PBXBuildFile; fileRef = C62A193F222947FD000F51F2 /* fb2sql.h */; settings = {ATTRIBUTES = (Public, ); }; };
		C62A194922294A65000F51F2 /* SQLDatabase.h in Headers */ = {isa = PBXBuildFile; fileRef = C62A194722294A65000F51F2 /* SQLDatabase.h */; };
		C62A194A22294A65000F51F2 /* SQLDatabase.m in Sources */ = {isa = PBXBuildFile; fileRef = C62A194822294A65000F51F2 /* SQLDatabase.m */; };
		C62A194D222977C8000F51F2 /* SQLDatabaseEndPoint.h in Headers */ = {isa = PBXBuildFile; fileRef = C62A194B222977C8000F51F2 /* SQLDatabaseEndPoint.h */; };
		C62A194E222977C8000F51F2 /* SQLDatabaseEndPoint.m in Sources */ = {isa = PBXBuildFile; fileRef = C62A194C222977C8000F51F2 /* SQLDatabaseEndPoint.m */; };
		C62A1951222A6AE3000F51F2 /* SQLDatabaseApiPlatformStore.h in Headers */ = {isa = PBXBuildFile; fileRef = C62A194F222A6AE3000F51F2 /* SQLDatabaseApiPlatformStore.h */; };
		C62A1952222A6AE3000F51F2 /* SQLDatabaseApiPlatformStore.m in Sources */ = {isa = PBXBuildFile; fileRef = C62A1950222A6AE3000F51F2 /* SQLDatabaseApiPlatformStore.m */; };
		C62A1955222A74F4000F51F2 /* SQLDatabaseSnapshot.h in Headers */ = {isa = PBXBuildFile; fileRef = C62A1953222A74F4000F51F2 /* SQLDatabaseSnapshot.h */; };
		C62A1956222A74F4000F51F2 /* SQLDatabaseSnapshot.m in Sources */ = {isa = PBXBuildFile; fileRef = C62A1954222A74F4000F51F2 /* SQLDatabaseSnapshot.m */; };
		C62A1959222AE5A4000F51F2 /* BlockVector.h in Headers */ = {isa = PBXBuildFile; fileRef = C62A1957222AE5A4000F51F2 /* BlockVector.h */; };
		C62A195A222AE5A4000F51F2 /* BlockVector.m in Sources */ = {isa = PBXBuildFile; fileRef = C62A1958222AE5A4000F51F2 /* BlockVector.m */; };
		C62A195D222AEB58000F51F2 /* SQLDatabaseLocalCache.h in Headers */ = {isa = PBXBuildFile; fileRef = C62A195B222AEB58000F51F2 /* SQLDatabaseLocalCache.h */; };
		C62A195E222AEB58000F51F2 /* SQLDatabaseLocalCache.m in Sources */ = {isa = PBXBuildFile; fileRef = C62A195C222AEB58000F51F2 /* SQLDatabaseLocalCache.m */; };
		C62A1965222B0533000F51F2 /* SQLDatabaseReference.h in Headers */ = {isa = PBXBuildFile; fileRef = C62A1963222B0533000F51F2 /* SQLDatabaseReference.h */; };
		C62A1966222B0533000F51F2 /* SQLDatabaseReference.m in Sources */ = {isa = PBXBuildFile; fileRef = C62A1964222B0533000F51F2 /* SQLDatabaseReference.m */; };
		C6DAEDEF222D8D5200BBE1B7 /* SQLJSONCommonNormalizer.h in Headers */ = {isa = PBXBuildFile; fileRef = C6DAEDED222D8D5200BBE1B7 /* SQLJSONCommonNormalizer.h */; };
		C6DAEDF0222D8D5200BBE1B7 /* SQLJSONCommonNormalizer.m in Sources */ = {isa = PBXBuildFile; fileRef = C6DAEDEE222D8D5200BBE1B7 /* SQLJSONCommonNormalizer.m */; };
		C6DAEDF2222D8D8100BBE1B7 /* SQLDatabaseNormaliser.m in Sources */ = {isa = PBXBuildFile; fileRef = C6DAEDF1222D8D8100BBE1B7 /* SQLDatabaseNormaliser.m */; };
		C6DAEDF5222D8DF300BBE1B7 /* SQLJSONTransformer.h in Headers */ = {isa = PBXBuildFile; fileRef = C6DAEDF3222D8DF200BBE1B7 /* SQLJSONTransformer.h */; };
		C6DAEDF6222D8DF300BBE1B7 /* SQLJSONTransformer.m in Sources */ = {isa = PBXBuildFile; fileRef = C6DAEDF4222D8DF200BBE1B7 /* SQLJSONTransformer.m */; };
		C6DAEDF9222D8EDB00BBE1B7 /* SQLJSONHashListToStringListTransformer.h in Headers */ = {isa = PBXBuildFile; fileRef = C6DAEDF7222D8EDB00BBE1B7 /* SQLJSONHashListToStringListTransformer.h */; };
		C6DAEDFA222D8EDB00BBE1B7 /* SQLJSONHashListToStringListTransformer.m in Sources */ = {isa = PBXBuildFile; fileRef = C6DAEDF8222D8EDB00BBE1B7 /* SQLJSONHashListToStringListTransformer.m */; };
		C6DAEDFD222D936100BBE1B7 /* SQLJSONHashToListTransformer.h in Headers */ = {isa = PBXBuildFile; fileRef = C6DAEDFB222D936100BBE1B7 /* SQLJSONHashToListTransformer.h */; };
		C6DAEDFE222D936100BBE1B7 /* SQLJSONHashToListTransformer.m in Sources */ = {isa = PBXBuildFile; fileRef = C6DAEDFC222D936100BBE1B7 /* SQLJSONHashToListTransformer.m */; };
		C6DAEE01222D95E300BBE1B7 /* SQLJSONIRIBuilderTransformer.h in Headers */ = {isa = PBXBuildFile; fileRef = C6DAEDFF222D95E300BBE1B7 /* SQLJSONIRIBuilderTransformer.h */; };
		C6DAEE02222D95E300BBE1B7 /* SQLJSONIRIBuilderTransformer.m in Sources */ = {isa = PBXBuildFile; fileRef = C6DAEE00222D95E300BBE1B7 /* SQLJSONIRIBuilderTransformer.m */; };
		C6DAEE05222D96E000BBE1B7 /* SQLJSONListExpanderTransformer.h in Headers */ = {isa = PBXBuildFile; fileRef = C6DAEE03222D96E000BBE1B7 /* SQLJSONListExpanderTransformer.h */; };
		C6DAEE06222D96E000BBE1B7 /* SQLJSONListExpanderTransformer.m in Sources */ = {isa = PBXBuildFile; fileRef = C6DAEE04222D96E000BBE1B7 /* SQLJSONListExpanderTransformer.m */; };
		C6DAEE09222D98F500BBE1B7 /* SQLJSONListToHashTransformer.h in Headers */ = {isa = PBXBuildFile; fileRef = C6DAEE07222D98F500BBE1B7 /* SQLJSONListToHashTransformer.h */; };
		C6DAEE0A222D98F500BBE1B7 /* SQLJSONListToHashTransformer.m in Sources */ = {isa = PBXBuildFile; fileRef = C6DAEE08222D98F500BBE1B7 /* SQLJSONListToHashTransformer.m */; };
		C6DAEE0D222D99CB00BBE1B7 /* SQLJSONListToPropertiesTransformer.h in Headers */ = {isa = PBXBuildFile; fileRef = C6DAEE0B222D99CB00BBE1B7 /* SQLJSONListToPropertiesTransformer.h */; };
		C6DAEE0E222D99CB00BBE1B7 /* SQLJSONListToPropertiesTransformer.m in Sources */ = {isa = PBXBuildFile; fileRef = C6DAEE0C222D99CB00BBE1B7 /* SQLJSONListToPropertiesTransformer.m */; };
		C6DAEE11222D9ABF00BBE1B7 /* SQLJSONNameMapperTransformer.h in Headers */ = {isa = PBXBuildFile; fileRef = C6DAEE0F222D9ABF00BBE1B7 /* SQLJSONNameMapperTransformer.h */; };
		C6DAEE12222D9ABF00BBE1B7 /* SQLJSONNameMapperTransformer.m in Sources */ = {isa = PBXBuildFile; fileRef = C6DAEE10222D9ABF00BBE1B7 /* SQLJSONNameMapperTransformer.m */; };
		C6DAEE15222D9B7100BBE1B7 /* SQLJSONPropertiesToListTransformer.h in Headers */ = {isa = PBXBuildFile; fileRef = C6DAEE13222D9B7100BBE1B7 /* SQLJSONPropertiesToListTransformer.h */; };
		C6DAEE16222D9B7100BBE1B7 /* SQLJSONPropertiesToListTransformer.m in Sources */ = {isa = PBXBuildFile; fileRef = C6DAEE14222D9B7100BBE1B7 /* SQLJSONPropertiesToListTransformer.m */; };
		C6DAEE19222D9C5300BBE1B7 /* SQLJSONRemovePropertyTransformer.h in Headers */ = {isa = PBXBuildFile; fileRef = C6DAEE17222D9C5300BBE1B7 /* SQLJSONRemovePropertyTransformer.h */; };
		C6DAEE1A222D9C5300BBE1B7 /* SQLJSONRemovePropertyTransformer.m in Sources */ = {isa = PBXBuildFile; fileRef = C6DAEE18222D9C5300BBE1B7 /* SQLJSONRemovePropertyTransformer.m */; };
		C6DAEE1D222D9CB900BBE1B7 /* SQLJSONStringListToHashListTransformer.h in Headers */ = {isa = PBXBuildFile; fileRef = C6DAEE1B222D9CB900BBE1B7 /* SQLJSONStringListToHashListTransformer.h */; };
		C6DAEE1E222D9CB900BBE1B7 /* SQLJSONStringListToHashListTransformer.m in Sources */ = {isa = PBXBuildFile; fileRef = C6DAEE1C222D9CB900BBE1B7 /* SQLJSONStringListToHashListTransformer.m */; };
/* End PBXBuildFile section */

/* Begin PBXFileReference section */
		7B522B00CE2DAEBE91B3F195 /* Pods-fb2sql.debug.xcconfig */ = {isa = PBXFileReference; includeInIndex = 1; lastKnownFileType = text.xcconfig; name = "Pods-fb2sql.debug.xcconfig"; path = "Pods/Target Support Files/Pods-fb2sql/Pods-fb2sql.debug.xcconfig"; sourceTree = "<group>"; };
		8546BABF99E1CECAB27D3FBD /* Pods-fb2sql.release.xcconfig */ = {isa = PBXFileReference; includeInIndex = 1; lastKnownFileType = text.xcconfig; name = "Pods-fb2sql.release.xcconfig"; path = "Pods/Target Support Files/Pods-fb2sql/Pods-fb2sql.release.xcconfig"; sourceTree = "<group>"; };
		C61075C6222D354E00DA6168 /* SQLDatabaseNormaliser.h */ = {isa = PBXFileReference; lastKnownFileType = sourcecode.c.h; path = SQLDatabaseNormaliser.h; sourceTree = "<group>"; };
		C62A193C222947FD000F51F2 /* fb2sql.framework */ = {isa = PBXFileReference; explicitFileType = wrapper.framework; includeInIndex = 0; path = fb2sql.framework; sourceTree = BUILT_PRODUCTS_DIR; };
		C62A193F222947FD000F51F2 /* fb2sql.h */ = {isa = PBXFileReference; lastKnownFileType = sourcecode.c.h; path = fb2sql.h; sourceTree = "<group>"; };
		C62A1940222947FD000F51F2 /* Info.plist */ = {isa = PBXFileReference; lastKnownFileType = text.plist.xml; path = Info.plist; sourceTree = "<group>"; };
		C62A194722294A65000F51F2 /* SQLDatabase.h */ = {isa = PBXFileReference; lastKnownFileType = sourcecode.c.h; path = SQLDatabase.h; sourceTree = "<group>"; };
		C62A194822294A65000F51F2 /* SQLDatabase.m */ = {isa = PBXFileReference; lastKnownFileType = sourcecode.c.objc; path = SQLDatabase.m; sourceTree = "<group>"; };
		C62A194B222977C8000F51F2 /* SQLDatabaseEndPoint.h */ = {isa = PBXFileReference; lastKnownFileType = sourcecode.c.h; path = SQLDatabaseEndPoint.h; sourceTree = "<group>"; };
		C62A194C222977C8000F51F2 /* SQLDatabaseEndPoint.m */ = {isa = PBXFileReference; lastKnownFileType = sourcecode.c.objc; path = SQLDatabaseEndPoint.m; sourceTree = "<group>"; };
		C62A194F222A6AE3000F51F2 /* SQLDatabaseApiPlatformStore.h */ = {isa = PBXFileReference; lastKnownFileType = sourcecode.c.h; path = SQLDatabaseApiPlatformStore.h; sourceTree = "<group>"; };
		C62A1950222A6AE3000F51F2 /* SQLDatabaseApiPlatformStore.m */ = {isa = PBXFileReference; lastKnownFileType = sourcecode.c.objc; path = SQLDatabaseApiPlatformStore.m; sourceTree = "<group>"; };
		C62A1953222A74F4000F51F2 /* SQLDatabaseSnapshot.h */ = {isa = PBXFileReference; lastKnownFileType = sourcecode.c.h; path = SQLDatabaseSnapshot.h; sourceTree = "<group>"; };
		C62A1954222A74F4000F51F2 /* SQLDatabaseSnapshot.m */ = {isa = PBXFileReference; lastKnownFileType = sourcecode.c.objc; path = SQLDatabaseSnapshot.m; sourceTree = "<group>"; };
		C62A1957222AE5A4000F51F2 /* BlockVector.h */ = {isa = PBXFileReference; lastKnownFileType = sourcecode.c.h; path = BlockVector.h; sourceTree = "<group>"; };
		C62A1958222AE5A4000F51F2 /* BlockVector.m */ = {isa = PBXFileReference; lastKnownFileType = sourcecode.c.objc; path = BlockVector.m; sourceTree = "<group>"; };
		C62A195B222AEB58000F51F2 /* SQLDatabaseLocalCache.h */ = {isa = PBXFileReference; lastKnownFileType = sourcecode.c.h; path = SQLDatabaseLocalCache.h; sourceTree = "<group>"; };
		C62A195C222AEB58000F51F2 /* SQLDatabaseLocalCache.m */ = {isa = PBXFileReference; lastKnownFileType = sourcecode.c.objc; path = SQLDatabaseLocalCache.m; sourceTree = "<group>"; };
		C62A1963222B0533000F51F2 /* SQLDatabaseReference.h */ = {isa = PBXFileReference; lastKnownFileType = sourcecode.c.h; path = SQLDatabaseReference.h; sourceTree = "<group>"; };
		C62A1964222B0533000F51F2 /* SQLDatabaseReference.m */ = {isa = PBXFileReference; lastKnownFileType = sourcecode.c.objc; path = SQLDatabaseReference.m; sourceTree = "<group>"; };
		C6DAEDED222D8D5200BBE1B7 /* SQLJSONCommonNormalizer.h */ = {isa = PBXFileReference; lastKnownFileType = sourcecode.c.h; path = SQLJSONCommonNormalizer.h; sourceTree = "<group>"; };
		C6DAEDEE222D8D5200BBE1B7 /* SQLJSONCommonNormalizer.m */ = {isa = PBXFileReference; lastKnownFileType = sourcecode.c.objc; path = SQLJSONCommonNormalizer.m; sourceTree = "<group>"; };
		C6DAEDF1222D8D8100BBE1B7 /* SQLDatabaseNormaliser.m */ = {isa = PBXFileReference; fileEncoding = 4; lastKnownFileType = sourcecode.c.objc; path = SQLDatabaseNormaliser.m; sourceTree = "<group>"; };
		C6DAEDF3222D8DF200BBE1B7 /* SQLJSONTransformer.h */ = {isa = PBXFileReference; lastKnownFileType = sourcecode.c.h; path = SQLJSONTransformer.h; sourceTree = "<group>"; };
		C6DAEDF4222D8DF200BBE1B7 /* SQLJSONTransformer.m */ = {isa = PBXFileReference; lastKnownFileType = sourcecode.c.objc; path = SQLJSONTransformer.m; sourceTree = "<group>"; };
		C6DAEDF7222D8EDB00BBE1B7 /* SQLJSONHashListToStringListTransformer.h */ = {isa = PBXFileReference; lastKnownFileType = sourcecode.c.h; path = SQLJSONHashListToStringListTransformer.h; sourceTree = "<group>"; };
		C6DAEDF8222D8EDB00BBE1B7 /* SQLJSONHashListToStringListTransformer.m */ = {isa = PBXFileReference; lastKnownFileType = sourcecode.c.objc; path = SQLJSONHashListToStringListTransformer.m; sourceTree = "<group>"; };
		C6DAEDFB222D936100BBE1B7 /* SQLJSONHashToListTransformer.h */ = {isa = PBXFileReference; lastKnownFileType = sourcecode.c.h; path = SQLJSONHashToListTransformer.h; sourceTree = "<group>"; };
		C6DAEDFC222D936100BBE1B7 /* SQLJSONHashToListTransformer.m */ = {isa = PBXFileReference; lastKnownFileType = sourcecode.c.objc; path = SQLJSONHashToListTransformer.m; sourceTree = "<group>"; };
		C6DAEDFF222D95E300BBE1B7 /* SQLJSONIRIBuilderTransformer.h */ = {isa = PBXFileReference; lastKnownFileType = sourcecode.c.h; path = SQLJSONIRIBuilderTransformer.h; sourceTree = "<group>"; };
		C6DAEE00222D95E300BBE1B7 /* SQLJSONIRIBuilderTransformer.m */ = {isa = PBXFileReference; lastKnownFileType = sourcecode.c.objc; path = SQLJSONIRIBuilderTransformer.m; sourceTree = "<group>"; };
		C6DAEE03222D96E000BBE1B7 /* SQLJSONListExpanderTransformer.h */ = {isa = PBXFileReference; lastKnownFileType = sourcecode.c.h; path = SQLJSONListExpanderTransformer.h; sourceTree = "<group>"; };
		C6DAEE04222D96E000BBE1B7 /* SQLJSONListExpanderTransformer.m */ = {isa = PBXFileReference; lastKnownFileType = sourcecode.c.objc; path = SQLJSONListExpanderTransformer.m; sourceTree = "<group>"; };
		C6DAEE07222D98F500BBE1B7 /* SQLJSONListToHashTransformer.h */ = {isa = PBXFileReference; lastKnownFileType = sourcecode.c.h; path = SQLJSONListToHashTransformer.h; sourceTree = "<group>"; };
		C6DAEE08222D98F500BBE1B7 /* SQLJSONListToHashTransformer.m */ = {isa = PBXFileReference; lastKnownFileType = sourcecode.c.objc; path = SQLJSONListToHashTransformer.m; sourceTree = "<group>"; };
		C6DAEE0B222D99CB00BBE1B7 /* SQLJSONListToPropertiesTransformer.h */ = {isa = PBXFileReference; lastKnownFileType = sourcecode.c.h; path = SQLJSONListToPropertiesTransformer.h; sourceTree = "<group>"; };
		C6DAEE0C222D99CB00BBE1B7 /* SQLJSONListToPropertiesTransformer.m */ = {isa = PBXFileReference; lastKnownFileType = sourcecode.c.objc; path = SQLJSONListToPropertiesTransformer.m; sourceTree = "<group>"; };
		C6DAEE0F222D9ABF00BBE1B7 /* SQLJSONNameMapperTransformer.h */ = {isa = PBXFileReference; lastKnownFileType = sourcecode.c.h; path = SQLJSONNameMapperTransformer.h; sourceTree = "<group>"; };
		C6DAEE10222D9ABF00BBE1B7 /* SQLJSONNameMapperTransformer.m */ = {isa = PBXFileReference; lastKnownFileType = sourcecode.c.objc; path = SQLJSONNameMapperTransformer.m; sourceTree = "<group>"; };
		C6DAEE13222D9B7100BBE1B7 /* SQLJSONPropertiesToListTransformer.h */ = {isa = PBXFileReference; lastKnownFileType = sourcecode.c.h; path = SQLJSONPropertiesToListTransformer.h; sourceTree = "<group>"; };
		C6DAEE14222D9B7100BBE1B7 /* SQLJSONPropertiesToListTransformer.m */ = {isa = PBXFileReference; lastKnownFileType = sourcecode.c.objc; path = SQLJSONPropertiesToListTransformer.m; sourceTree = "<group>"; };
		C6DAEE17222D9C5300BBE1B7 /* SQLJSONRemovePropertyTransformer.h */ = {isa = PBXFileReference; lastKnownFileType = sourcecode.c.h; path = SQLJSONRemovePropertyTransformer.h; sourceTree = "<group>"; };
		C6DAEE18222D9C5300BBE1B7 /* SQLJSONRemovePropertyTransformer.m */ = {isa = PBXFileReference; lastKnownFileType = sourcecode.c.objc; path = SQLJSONRemovePropertyTransformer.m; sourceTree = "<group>"; };
		C6DAEE1B222D9CB900BBE1B7 /* SQLJSONStringListToHashListTransformer.h */ = {isa = PBXFileReference; lastKnownFileType = sourcecode.c.h; path = SQLJSONStringListToHashListTransformer.h; sourceTree = "<group>"; };
		C6DAEE1C222D9CB900BBE1B7 /* SQLJSONStringListToHashListTransformer.m */ = {isa = PBXFileReference; lastKnownFileType = sourcecode.c.objc; path = SQLJSONStringListToHashListTransformer.m; sourceTree = "<group>"; };
		D6EF8D3DF8973E0B3765AE1D /* libPods-fb2sql.a */ = {isa = PBXFileReference; explicitFileType = archive.ar; includeInIndex = 0; path = "libPods-fb2sql.a"; sourceTree = BUILT_PRODUCTS_DIR; };
/* End PBXFileReference section */

/* Begin PBXFrameworksBuildPhase section */
		C62A1939222947FD000F51F2 /* Frameworks */ = {
			isa = PBXFrameworksBuildPhase;
			buildActionMask = 2147483647;
			files = (
				C167F73EF6508717F0DF3335 /* libPods-fb2sql.a in Frameworks */,
			);
			runOnlyForDeploymentPostprocessing = 0;
		};
/* End PBXFrameworksBuildPhase section */

/* Begin PBXGroup section */
		108CC832672A405DC529A66D /* Frameworks */ = {
			isa = PBXGroup;
			children = (
				D6EF8D3DF8973E0B3765AE1D /* libPods-fb2sql.a */,
			);
			name = Frameworks;
			sourceTree = "<group>";
		};
		C62A1932222947FD000F51F2 = {
			isa = PBXGroup;
			children = (
				C62A193E222947FD000F51F2 /* fb2sql */,
				C62A193D222947FD000F51F2 /* Products */,
				E8C930CE4A403918B0E26508 /* Pods */,
				108CC832672A405DC529A66D /* Frameworks */,
			);
			sourceTree = "<group>";
		};
		C62A193D222947FD000F51F2 /* Products */ = {
			isa = PBXGroup;
			children = (
				C62A193C222947FD000F51F2 /* fb2sql.framework */,
			);
			name = Products;
			sourceTree = "<group>";
		};
		C62A193E222947FD000F51F2 /* fb2sql */ = {
			isa = PBXGroup;
			children = (
				C62A193F222947FD000F51F2 /* fb2sql.h */,
				C62A1940222947FD000F51F2 /* Info.plist */,
				C62A194722294A65000F51F2 /* SQLDatabase.h */,
				C62A194822294A65000F51F2 /* SQLDatabase.m */,
				C62A194B222977C8000F51F2 /* SQLDatabaseEndPoint.h */,
				C62A194C222977C8000F51F2 /* SQLDatabaseEndPoint.m */,
				C62A194F222A6AE3000F51F2 /* SQLDatabaseApiPlatformStore.h */,
				C62A1950222A6AE3000F51F2 /* SQLDatabaseApiPlatformStore.m */,
				C62A1953222A74F4000F51F2 /* SQLDatabaseSnapshot.h */,
				C62A1954222A74F4000F51F2 /* SQLDatabaseSnapshot.m */,
				C62A1957222AE5A4000F51F2 /* BlockVector.h */,
				C62A1958222AE5A4000F51F2 /* BlockVector.m */,
				C62A195B222AEB58000F51F2 /* SQLDatabaseLocalCache.h */,
				C62A195C222AEB58000F51F2 /* SQLDatabaseLocalCache.m */,
				C62A1963222B0533000F51F2 /* SQLDatabaseReference.h */,
				C62A1964222B0533000F51F2 /* SQLDatabaseReference.m */,
				C61075C6222D354E00DA6168 /* SQLDatabaseNormaliser.h */,
				C6DAEDF1222D8D8100BBE1B7 /* SQLDatabaseNormaliser.m */,
				C6DAEDF3222D8DF200BBE1B7 /* SQLJSONTransformer.h */,
				C6DAEDF4222D8DF200BBE1B7 /* SQLJSONTransformer.m */,
				C6DAEDED222D8D5200BBE1B7 /* SQLJSONCommonNormalizer.h */,
				C6DAEDEE222D8D5200BBE1B7 /* SQLJSONCommonNormalizer.m */,
				C6DAEDF7222D8EDB00BBE1B7 /* SQLJSONHashListToStringListTransformer.h */,
				C6DAEDF8222D8EDB00BBE1B7 /* SQLJSONHashListToStringListTransformer.m */,
				C6DAEDFB222D936100BBE1B7 /* SQLJSONHashToListTransformer.h */,
				C6DAEDFC222D936100BBE1B7 /* SQLJSONHashToListTransformer.m */,
				C6DAEDFF222D95E300BBE1B7 /* SQLJSONIRIBuilderTransformer.h */,
				C6DAEE00222D95E300BBE1B7 /* SQLJSONIRIBuilderTransformer.m */,
				C6DAEE03222D96E000BBE1B7 /* SQLJSONListExpanderTransformer.h */,
				C6DAEE04222D96E000BBE1B7 /* SQLJSONListExpanderTransformer.m */,
				C6DAEE07222D98F500BBE1B7 /* SQLJSONListToHashTransformer.h */,
				C6DAEE08222D98F500BBE1B7 /* SQLJSONListToHashTransformer.m */,
				C6DAEE0B222D99CB00BBE1B7 /* SQLJSONListToPropertiesTransformer.h */,
				C6DAEE0C222D99CB00BBE1B7 /* SQLJSONListToPropertiesTransformer.m */,
				C6DAEE0F222D9ABF00BBE1B7 /* SQLJSONNameMapperTransformer.h */,
				C6DAEE10222D9ABF00BBE1B7 /* SQLJSONNameMapperTransformer.m */,
				C6DAEE13222D9B7100BBE1B7 /* SQLJSONPropertiesToListTransformer.h */,
				C6DAEE14222D9B7100BBE1B7 /* SQLJSONPropertiesToListTransformer.m */,
				C6DAEE17222D9C5300BBE1B7 /* SQLJSONRemovePropertyTransformer.h */,
				C6DAEE18222D9C5300BBE1B7 /* SQLJSONRemovePropertyTransformer.m */,
				C6DAEE1B222D9CB900BBE1B7 /* SQLJSONStringListToHashListTransformer.h */,
				C6DAEE1C222D9CB900BBE1B7 /* SQLJSONStringListToHashListTransformer.m */,
			);
			path = fb2sql;
			sourceTree = "<group>";
		};
		E8C930CE4A403918B0E26508 /* Pods */ = {
			isa = PBXGroup;
			children = (
				7B522B00CE2DAEBE91B3F195 /* Pods-fb2sql.debug.xcconfig */,
				8546BABF99E1CECAB27D3FBD /* Pods-fb2sql.release.xcconfig */,
			);
			name = Pods;
			sourceTree = "<group>";
		};
/* End PBXGroup section */

/* Begin PBXHeadersBuildPhase section */
		C62A1937222947FD000F51F2 /* Headers */ = {
			isa = PBXHeadersBuildPhase;
			buildActionMask = 2147483647;
			files = (
				C6DAEE19222D9C5300BBE1B7 /* SQLJSONRemovePropertyTransformer.h in Headers */,
				C62A1965222B0533000F51F2 /* SQLDatabaseReference.h in Headers */,
				C6DAEDFD222D936100BBE1B7 /* SQLJSONHashToListTransformer.h in Headers */,
				C62A1951222A6AE3000F51F2 /* SQLDatabaseApiPlatformStore.h in Headers */,
				C62A1955222A74F4000F51F2 /* SQLDatabaseSnapshot.h in Headers */,
				C6DAEE15222D9B7100BBE1B7 /* SQLJSONPropertiesToListTransformer.h in Headers */,
				C6DAEE09222D98F500BBE1B7 /* SQLJSONListToHashTransformer.h in Headers */,
				C6DAEE0D222D99CB00BBE1B7 /* SQLJSONListToPropertiesTransformer.h in Headers */,
				C6DAEE01222D95E300BBE1B7 /* SQLJSONIRIBuilderTransformer.h in Headers */,
				C6DAEE11222D9ABF00BBE1B7 /* SQLJSONNameMapperTransformer.h in Headers */,
				C62A194D222977C8000F51F2 /* SQLDatabaseEndPoint.h in Headers */,
				C62A194922294A65000F51F2 /* SQLDatabase.h in Headers */,
				C62A1941222947FD000F51F2 /* fb2sql.h in Headers */,
				C62A1959222AE5A4000F51F2 /* BlockVector.h in Headers */,
				C6DAEDEF222D8D5200BBE1B7 /* SQLJSONCommonNormalizer.h in Headers */,
				C62A195D222AEB58000F51F2 /* SQLDatabaseLocalCache.h in Headers */,
				C6DAEE1D222D9CB900BBE1B7 /* SQLJSONStringListToHashListTransformer.h in Headers */,
				C6DAEDF9222D8EDB00BBE1B7 /* SQLJSONHashListToStringListTransformer.h in Headers */,
				C61075C8222D354E00DA6168 /* SQLDatabaseNormaliser.h in Headers */,
				C6DAEE05222D96E000BBE1B7 /* SQLJSONListExpanderTransformer.h in Headers */,
				C6DAEDF5222D8DF300BBE1B7 /* SQLJSONTransformer.h in Headers */,
			);
			runOnlyForDeploymentPostprocessing = 0;
		};
/* End PBXHeadersBuildPhase section */

/* Begin PBXNativeTarget section */
		C62A193B222947FD000F51F2 /* fb2sql */ = {
			isa = PBXNativeTarget;
			buildConfigurationList = C62A1944222947FD000F51F2 /* Build configuration list for PBXNativeTarget "fb2sql" */;
			buildPhases = (
				2ABBE1C1640B9E8A35E5F953 /* [CP] Check Pods Manifest.lock */,
				C62A1937222947FD000F51F2 /* Headers */,
				C62A1938222947FD000F51F2 /* Sources */,
				C62A1939222947FD000F51F2 /* Frameworks */,
				C62A193A222947FD000F51F2 /* Resources */,
			);
			buildRules = (
			);
			dependencies = (
			);
			name = fb2sql;
			productName = fb2sql;
			productReference = C62A193C222947FD000F51F2 /* fb2sql.framework */;
			productType = "com.apple.product-type.framework";
		};
/* End PBXNativeTarget section */

/* Begin PBXProject section */
		C62A1933222947FD000F51F2 /* Project object */ = {
			isa = PBXProject;
			attributes = {
				LastUpgradeCheck = 1010;
				ORGANIZATIONNAME = Inventivelink;
				TargetAttributes = {
					C62A193B222947FD000F51F2 = {
						CreatedOnToolsVersion = 10.1;
					};
				};
			};
			buildConfigurationList = C62A1936222947FD000F51F2 /* Build configuration list for PBXProject "fb2sql" */;
			compatibilityVersion = "Xcode 9.3";
			developmentRegion = en;
			hasScannedForEncodings = 0;
			knownRegions = (
				en,
			);
			mainGroup = C62A1932222947FD000F51F2;
			productRefGroup = C62A193D222947FD000F51F2 /* Products */;
			projectDirPath = "";
			projectRoot = "";
			targets = (
				C62A193B222947FD000F51F2 /* fb2sql */,
			);
		};
/* End PBXProject section */

/* Begin PBXResourcesBuildPhase section */
		C62A193A222947FD000F51F2 /* Resources */ = {
			isa = PBXResourcesBuildPhase;
			buildActionMask = 2147483647;
			files = (
			);
			runOnlyForDeploymentPostprocessing = 0;
		};
/* End PBXResourcesBuildPhase section */

/* Begin PBXShellScriptBuildPhase section */
		2ABBE1C1640B9E8A35E5F953 /* [CP] Check Pods Manifest.lock */ = {
			isa = PBXShellScriptBuildPhase;
			buildActionMask = 2147483647;
			files = (
			);
			inputFileListPaths = (
			);
			inputPaths = (
				"${PODS_PODFILE_DIR_PATH}/Podfile.lock",
				"${PODS_ROOT}/Manifest.lock",
			);
			name = "[CP] Check Pods Manifest.lock";
			outputFileListPaths = (
			);
			outputPaths = (
				"$(DERIVED_FILE_DIR)/Pods-fb2sql-checkManifestLockResult.txt",
			);
			runOnlyForDeploymentPostprocessing = 0;
			shellPath = /bin/sh;
			shellScript = "diff \"${PODS_PODFILE_DIR_PATH}/Podfile.lock\" \"${PODS_ROOT}/Manifest.lock\" > /dev/null\nif [ $? != 0 ] ; then\n    # print error to STDERR\n    echo \"error: The sandbox is not in sync with the Podfile.lock. Run 'pod install' or update your CocoaPods installation.\" >&2\n    exit 1\nfi\n# This output is used by Xcode 'outputs' to avoid re-running this script phase.\necho \"SUCCESS\" > \"${SCRIPT_OUTPUT_FILE_0}\"\n";
			showEnvVarsInLog = 0;
		};
/* End PBXShellScriptBuildPhase section */

/* Begin PBXSourcesBuildPhase section */
		C62A1938222947FD000F51F2 /* Sources */ = {
			isa = PBXSourcesBuildPhase;
			buildActionMask = 2147483647;
			files = (
				C6DAEE12222D9ABF00BBE1B7 /* SQLJSONNameMapperTransformer.m in Sources */,
				C6DAEE0A222D98F500BBE1B7 /* SQLJSONListToHashTransformer.m in Sources */,
				C6DAEE16222D9B7100BBE1B7 /* SQLJSONPropertiesToListTransformer.m in Sources */,
				C6DAEDF6222D8DF300BBE1B7 /* SQLJSONTransformer.m in Sources */,
				C6DAEDF0222D8D5200BBE1B7 /* SQLJSONCommonNormalizer.m in Sources */,
				C62A1952222A6AE3000F51F2 /* SQLDatabaseApiPlatformStore.m in Sources */,
				C6DAEDFA222D8EDB00BBE1B7 /* SQLJSONHashListToStringListTransformer.m in Sources */,
				C62A195A222AE5A4000F51F2 /* BlockVector.m in Sources */,
				C62A195E222AEB58000F51F2 /* SQLDatabaseLocalCache.m in Sources */,
				C62A1966222B0533000F51F2 /* SQLDatabaseReference.m in Sources */,
				C6DAEE0E222D99CB00BBE1B7 /* SQLJSONListToPropertiesTransformer.m in Sources */,
				C6DAEE1A222D9C5300BBE1B7 /* SQLJSONRemovePropertyTransformer.m in Sources */,
				C62A1956222A74F4000F51F2 /* SQLDatabaseSnapshot.m in Sources */,
				C62A194E222977C8000F51F2 /* SQLDatabaseEndPoint.m in Sources */,
				C6DAEDFE222D936100BBE1B7 /* SQLJSONHashToListTransformer.m in Sources */,
				C62A194A22294A65000F51F2 /* SQLDatabase.m in Sources */,
				C6DAEE02222D95E300BBE1B7 /* SQLJSONIRIBuilderTransformer.m in Sources */,
				C6DAEE06222D96E000BBE1B7 /* SQLJSONListExpanderTransformer.m in Sources */,
				C6DAEE1E222D9CB900BBE1B7 /* SQLJSONStringListToHashListTransformer.m in Sources */,
				C6DAEDF2222D8D8100BBE1B7 /* SQLDatabaseNormaliser.m in Sources */,
			);
			runOnlyForDeploymentPostprocessing = 0;
		};
/* End PBXSourcesBuildPhase section */

/* Begin XCBuildConfiguration section */
		C62A1942222947FD000F51F2 /* Debug */ = {
			isa = XCBuildConfiguration;
			buildSettings = {
				ALWAYS_SEARCH_USER_PATHS = NO;
				CLANG_ANALYZER_NONNULL = YES;
				CLANG_ANALYZER_NUMBER_OBJECT_CONVERSION = YES_AGGRESSIVE;
				CLANG_CXX_LANGUAGE_STANDARD = "gnu++14";
				CLANG_CXX_LIBRARY = "libc++";
				CLANG_ENABLE_MODULES = YES;
				CLANG_ENABLE_OBJC_ARC = YES;
				CLANG_ENABLE_OBJC_WEAK = YES;
				CLANG_WARN_BLOCK_CAPTURE_AUTORELEASING = YES;
				CLANG_WARN_BOOL_CONVERSION = YES;
				CLANG_WARN_COMMA = YES;
				CLANG_WARN_CONSTANT_CONVERSION = YES;
				CLANG_WARN_DEPRECATED_OBJC_IMPLEMENTATIONS = YES;
				CLANG_WARN_DIRECT_OBJC_ISA_USAGE = YES_ERROR;
				CLANG_WARN_DOCUMENTATION_COMMENTS = YES;
				CLANG_WARN_EMPTY_BODY = YES;
				CLANG_WARN_ENUM_CONVERSION = YES;
				CLANG_WARN_INFINITE_RECURSION = YES;
				CLANG_WARN_INT_CONVERSION = YES;
				CLANG_WARN_NON_LITERAL_NULL_CONVERSION = YES;
				CLANG_WARN_OBJC_IMPLICIT_RETAIN_SELF = YES;
				CLANG_WARN_OBJC_LITERAL_CONVERSION = YES;
				CLANG_WARN_OBJC_ROOT_CLASS = YES_ERROR;
				CLANG_WARN_RANGE_LOOP_ANALYSIS = YES;
				CLANG_WARN_STRICT_PROTOTYPES = YES;
				CLANG_WARN_SUSPICIOUS_MOVE = YES;
				CLANG_WARN_UNGUARDED_AVAILABILITY = YES_AGGRESSIVE;
				CLANG_WARN_UNREACHABLE_CODE = YES;
				CLANG_WARN__DUPLICATE_METHOD_MATCH = YES;
				CODE_SIGN_IDENTITY = "iPhone Developer";
				COPY_PHASE_STRIP = NO;
				CURRENT_PROJECT_VERSION = 1;
				DEBUG_INFORMATION_FORMAT = dwarf;
				ENABLE_STRICT_OBJC_MSGSEND = YES;
				ENABLE_TESTABILITY = YES;
				GCC_C_LANGUAGE_STANDARD = gnu11;
				GCC_DYNAMIC_NO_PIC = NO;
				GCC_NO_COMMON_BLOCKS = YES;
				GCC_OPTIMIZATION_LEVEL = 0;
				GCC_PREPROCESSOR_DEFINITIONS = (
					"DEBUG=1",
					"$(inherited)",
				);
				GCC_WARN_64_TO_32_BIT_CONVERSION = YES;
				GCC_WARN_ABOUT_RETURN_TYPE = YES_ERROR;
				GCC_WARN_UNDECLARED_SELECTOR = YES;
				GCC_WARN_UNINITIALIZED_AUTOS = YES_AGGRESSIVE;
				GCC_WARN_UNUSED_FUNCTION = YES;
				GCC_WARN_UNUSED_VARIABLE = YES;
				IPHONEOS_DEPLOYMENT_TARGET = 12.1;
				MTL_ENABLE_DEBUG_INFO = INCLUDE_SOURCE;
				MTL_FAST_MATH = YES;
				ONLY_ACTIVE_ARCH = YES;
				SDKROOT = iphoneos;
				VERSIONING_SYSTEM = "apple-generic";
				VERSION_INFO_PREFIX = "";
			};
			name = Debug;
		};
		C62A1943222947FD000F51F2 /* Release */ = {
			isa = XCBuildConfiguration;
			buildSettings = {
				ALWAYS_SEARCH_USER_PATHS = NO;
				CLANG_ANALYZER_NONNULL = YES;
				CLANG_ANALYZER_NUMBER_OBJECT_CONVERSION = YES_AGGRESSIVE;
				CLANG_CXX_LANGUAGE_STANDARD = "gnu++14";
				CLANG_CXX_LIBRARY = "libc++";
				CLANG_ENABLE_MODULES = YES;
				CLANG_ENABLE_OBJC_ARC = YES;
				CLANG_ENABLE_OBJC_WEAK = YES;
				CLANG_WARN_BLOCK_CAPTURE_AUTORELEASING = YES;
				CLANG_WARN_BOOL_CONVERSION = YES;
				CLANG_WARN_COMMA = YES;
				CLANG_WARN_CONSTANT_CONVERSION = YES;
				CLANG_WARN_DEPRECATED_OBJC_IMPLEMENTATIONS = YES;
				CLANG_WARN_DIRECT_OBJC_ISA_USAGE = YES_ERROR;
				CLANG_WARN_DOCUMENTATION_COMMENTS = YES;
				CLANG_WARN_EMPTY_BODY = YES;
				CLANG_WARN_ENUM_CONVERSION = YES;
				CLANG_WARN_INFINITE_RECURSION = YES;
				CLANG_WARN_INT_CONVERSION = YES;
				CLANG_WARN_NON_LITERAL_NULL_CONVERSION = YES;
				CLANG_WARN_OBJC_IMPLICIT_RETAIN_SELF = YES;
				CLANG_WARN_OBJC_LITERAL_CONVERSION = YES;
				CLANG_WARN_OBJC_ROOT_CLASS = YES_ERROR;
				CLANG_WARN_RANGE_LOOP_ANALYSIS = YES;
				CLANG_WARN_STRICT_PROTOTYPES = YES;
				CLANG_WARN_SUSPICIOUS_MOVE = YES;
				CLANG_WARN_UNGUARDED_AVAILABILITY = YES_AGGRESSIVE;
				CLANG_WARN_UNREACHABLE_CODE = YES;
				CLANG_WARN__DUPLICATE_METHOD_MATCH = YES;
				CODE_SIGN_IDENTITY = "iPhone Developer";
				COPY_PHASE_STRIP = NO;
				CURRENT_PROJECT_VERSION = 1;
				DEBUG_INFORMATION_FORMAT = "dwarf-with-dsym";
				ENABLE_NS_ASSERTIONS = NO;
				ENABLE_STRICT_OBJC_MSGSEND = YES;
				GCC_C_LANGUAGE_STANDARD = gnu11;
				GCC_NO_COMMON_BLOCKS = YES;
				GCC_WARN_64_TO_32_BIT_CONVERSION = YES;
				GCC_WARN_ABOUT_RETURN_TYPE = YES_ERROR;
				GCC_WARN_UNDECLARED_SELECTOR = YES;
				GCC_WARN_UNINITIALIZED_AUTOS = YES_AGGRESSIVE;
				GCC_WARN_UNUSED_FUNCTION = YES;
				GCC_WARN_UNUSED_VARIABLE = YES;
				IPHONEOS_DEPLOYMENT_TARGET = 12.1;
				MTL_ENABLE_DEBUG_INFO = NO;
				MTL_FAST_MATH = YES;
				SDKROOT = iphoneos;
				VALIDATE_PRODUCT = YES;
				VERSIONING_SYSTEM = "apple-generic";
				VERSION_INFO_PREFIX = "";
			};
			name = Release;
		};
		C62A1945222947FD000F51F2 /* Debug */ = {
			isa = XCBuildConfiguration;
			baseConfigurationReference = 7B522B00CE2DAEBE91B3F195 /* Pods-fb2sql.debug.xcconfig */;
			buildSettings = {
				CODE_SIGN_IDENTITY = "";
				CODE_SIGN_STYLE = Automatic;
				DEFINES_MODULE = YES;
				DEVELOPMENT_TEAM = DY7GE5XGWL;
				DYLIB_COMPATIBILITY_VERSION = 1;
				DYLIB_CURRENT_VERSION = 1;
				DYLIB_INSTALL_NAME_BASE = "@rpath";
				INFOPLIST_FILE = fb2sql/Info.plist;
				INSTALL_PATH = "$(LOCAL_LIBRARY_DIR)/Frameworks";
				LD_RUNPATH_SEARCH_PATHS = (
					"$(inherited)",
					"@executable_path/Frameworks",
					"@loader_path/Frameworks",
				);
				PRODUCT_BUNDLE_IDENTIFIER = com.inventivelink.fb2sql.fb2sql;
				PRODUCT_NAME = "$(TARGET_NAME:c99extidentifier)";
				SKIP_INSTALL = YES;
				TARGETED_DEVICE_FAMILY = "1,2";
			};
			name = Debug;
		};
		C62A1946222947FD000F51F2 /* Release */ = {
			isa = XCBuildConfiguration;
			baseConfigurationReference = 8546BABF99E1CECAB27D3FBD /* Pods-fb2sql.release.xcconfig */;
			buildSettings = {
				CODE_SIGN_IDENTITY = "";
				CODE_SIGN_STYLE = Automatic;
				DEFINES_MODULE = YES;
				DEVELOPMENT_TEAM = DY7GE5XGWL;
				DYLIB_COMPATIBILITY_VERSION = 1;
				DYLIB_CURRENT_VERSION = 1;
				DYLIB_INSTALL_NAME_BASE = "@rpath";
				INFOPLIST_FILE = fb2sql/Info.plist;
				INSTALL_PATH = "$(LOCAL_LIBRARY_DIR)/Frameworks";
				LD_RUNPATH_SEARCH_PATHS = (
					"$(inherited)",
					"@executable_path/Frameworks",
					"@loader_path/Frameworks",
				);
				PRODUCT_BUNDLE_IDENTIFIER = com.inventivelink.fb2sql.fb2sql;
				PRODUCT_NAME = "$(TARGET_NAME:c99extidentifier)";
				SKIP_INSTALL = YES;
				TARGETED_DEVICE_FAMILY = "1,2";
			};
			name = Release;
		};
/* End XCBuildConfiguration section */

/* Begin XCConfigurationList section */
		C62A1936222947FD000F51F2 /* Build configuration list for PBXProject "fb2sql" */ = {
			isa = XCConfigurationList;
			buildConfigurations = (
				C62A1942222947FD000F51F2 /* Debug */,
				C62A1943222947FD000F51F2 /* Release */,
			);
			defaultConfigurationIsVisible = 0;
			defaultConfigurationName = Release;
		};
		C62A1944222947FD000F51F2 /* Build configuration list for PBXNativeTarget "fb2sql" */ = {
			isa = XCConfigurationList;
			buildConfigurations = (
				C62A1945222947FD000F51F2 /* Debug */,
				C62A1946222947FD000F51F2 /* Release */,
			);
			defaultConfigurationIsVisible = 0;
			defaultConfigurationName = Release;
		};
/* End XCConfigurationList section */
	};
	rootObject = C62A1933222947FD000F51F2 /* Project object */;
}
